
Microsoft Visual Studio Solution File, Format Version 12.00
# Visual Studio Version 16
VisualStudioVersion = 16.0.29326.143
MinimumVisualStudioVersion = 10.0.40219.1
Project("{9A19103F-16F7-4668-BE54-9A1E7A4F7556}") = "IdentityServer", "IdentityServer\IdentityServer.csproj", "{D95B41C0-BCA2-49ED-A465-C6F0DF63E00C}"
EndProject
Project("{9A19103F-16F7-4668-BE54-9A1E7A4F7556}") = "Api", "Api\Api.csproj", "{8CE2A07C-A1F3-47E3-B634-CD805F192C44}"
EndProject
Project("{9A19103F-16F7-4668-BE54-9A1E7A4F7556}") = "Client", "Client\Client.csproj", "{62CA156A-E75D-409D-99F2-E6090D010020}"
EndProject
Global
	GlobalSection(SolutionConfigurationPlatforms) = preSolution
		Debug|Any CPU = Debug|Any CPU
		Release|Any CPU = Release|Any CPU
	EndGlobalSection
	GlobalSection(ProjectConfigurationPlatforms) = postSolution
		{D95B41C0-BCA2-49ED-A465-C6F0DF63E00C}.Debug|Any CPU.ActiveCfg = Debug|Any CPU
		{D95B41C0-BCA2-49ED-A465-C6F0DF63E00C}.Debug|Any CPU.Build.0 = Debug|Any CPU
		{D95B41C0-BCA2-49ED-A465-C6F0DF63E00C}.Release|Any CPU.ActiveCfg = Release|Any CPU
		{D95B41C0-BCA2-49ED-A465-C6F0DF63E00C}.Release|Any CPU.Build.0 = Release|Any CPU
		{8CE2A07C-A1F3-47E3-B634-CD805F192C44}.Debug|Any CPU.ActiveCfg = Debug|Any CPU
		{8CE2A07C-A1F3-47E3-B634-CD805F192C44}.Debug|Any CPU.Build.0 = Debug|Any CPU
		{8CE2A07C-A1F3-47E3-B634-CD805F192C44}.Release|Any CPU.ActiveCfg = Release|Any CPU
		{8CE2A07C-A1F3-47E3-B634-CD805F192C44}.Release|Any CPU.Build.0 = Release|Any CPU
		{62CA156A-E75D-409D-99F2-E6090D010020}.Debug|Any CPU.ActiveCfg = Debug|Any CPU
		{62CA156A-E75D-409D-99F2-E6090D010020}.Debug|Any CPU.Build.0 = Debug|Any CPU
		{62CA156A-E75D-409D-99F2-E6090D010020}.Release|Any CPU.ActiveCfg = Release|Any CPU
		{62CA156A-E75D-409D-99F2-E6090D010020}.Release|Any CPU.Build.0 = Release|Any CPU
	EndGlobalSection
	GlobalSection(SolutionProperties) = preSolution
		HideSolutionNode = FALSE
	EndGlobalSection
	GlobalSection(ExtensibilityGlobals) = postSolution
		SolutionGuid = {3C881173-18D4-461D-9212-92A0D6D0086A}
	EndGlobalSection
EndGlobal
